
Microsoft Visual Studio Solution File, Format Version 12.00
# Visual Studio Version 17
VisualStudioVersion = 17.8.34302.71
MinimumVisualStudioVersion = 10.0.40219.1
Project("{FAE04EC0-301F-11D3-BF4B-00C04F79EFBC}") = "WindowsLibraryMnagementproject", "WindowsLibraryMnagementproject.csproj", "{B8B1E245-B74C-45F7-929A-4234CEE15709}"
EndProject
Global
	GlobalSection(SolutionConfigurationPlatforms) = preSolution
		Debug|Any CPU = Debug|Any CPU
		Release|Any CPU = Release|Any CPU
	EndGlobalSection
	GlobalSection(ProjectConfigurationPlatforms) = postSolution
		{B8B1E245-B74C-45F7-929A-4234CEE15709}.Debug|Any CPU.ActiveCfg = Debug|Any CPU
		{B8B1E245-B74C-45F7-929A-4234CEE15709}.Debug|Any CPU.Build.0 = Debug|Any CPU
		{B8B1E245-B74C-45F7-929A-4234CEE15709}.Release|Any CPU.ActiveCfg = Release|Any CPU
		{B8B1E245-B74C-45F7-929A-4234CEE15709}.Release|Any CPU.Build.0 = Release|Any CPU
	EndGlobalSection
	GlobalSection(SolutionProperties) = preSolution
		HideSolutionNode = FALSE
	EndGlobalSection
	GlobalSection(ExtensibilityGlobals) = postSolution
		SolutionGuid = {F7E24147-7818-4548-B4F9-7CB2E9316B66}
	EndGlobalSection
EndGlobal
